# This file is generated by running "yarn install" inside your project.
# Manual changes might be lost - proceed with caution!

__metadata:
  version: 8
  cacheKey: 10

"@prisma/client@npm:6.6.0":
  version: 6.6.0
  resolution: "@prisma/client@npm:6.6.0"
  peerDependencies:
    prisma: "*"
    typescript: ">=5.1.0"
  peerDependenciesMeta:
    prisma:
      optional: true
    typescript:
      optional: true
  checksum: 10/5093062b45597f25ebdd84e86ac29e38fdac2a35809267a69181f97842cf54877d9cb35954a0368509373cd4b4d9062039b8adad400d764f5ca1cf39e8f6de36
  languageName: node
  linkType: hard

"root-workspace-0b6124@workspace:.":
  version: 0.0.0-use.local
  resolution: "root-workspace-0b6124@workspace:."
  dependencies:
    "@prisma/client": "npm:6.6.0"
  languageName: unknown
  linkType: soft
